
Microsoft Visual Studio Solution File, Format Version 12.00
# Visual Studio 14
VisualStudioVersion = 14.0.25420.1
MinimumVisualStudioVersion = 10.0.40219.1
Project("{FAE04EC0-301F-11D3-BF4B-00C04F79EFBC}") = "ChangeLetterSize", "ChangeLetterSize\ChangeLetterSize.csproj", "{0E92247E-C1DC-4506-A819-C21B49444590}"
EndProject
Project("{FAE04EC0-301F-11D3-BF4B-00C04F79EFBC}") = "Przelewy24", "..\Przelewy24\Przelewy24.csproj", "{DFF706B7-7076-43DD-9FDA-769351FD4EB0}"
EndProject
Project("{FAE04EC0-301F-11D3-BF4B-00C04F79EFBC}") = "Przelewy24InrernalTools", "..\Przelewy24InternalTools\Przelewy24InrernalTools.csproj", "{EC3FF23D-E053-4343-BA35-C851C22A1D67}"
EndProject
Project("{FAE04EC0-301F-11D3-BF4B-00C04F79EFBC}") = "ConsoleTest", "ConsoleTest\ConsoleTest.csproj", "{E61A4A0A-190A-43F6-8965-49660614948B}"
EndProject
Global
	GlobalSection(SolutionConfigurationPlatforms) = preSolution
		Debug|Any CPU = Debug|Any CPU
		Debug|x64 = Debug|x64
		Debug|x86 = Debug|x86
		Release|Any CPU = Release|Any CPU
		Release|x64 = Release|x64
		Release|x86 = Release|x86
		Release64|Any CPU = Release64|Any CPU
		Release64|x64 = Release64|x64
		Release64|x86 = Release64|x86
	EndGlobalSection
	GlobalSection(ProjectConfigurationPlatforms) = postSolution
		{0E92247E-C1DC-4506-A819-C21B49444590}.Debug|Any CPU.ActiveCfg = Debug|Any CPU
		{0E92247E-C1DC-4506-A819-C21B49444590}.Debug|Any CPU.Build.0 = Debug|Any CPU
		{0E92247E-C1DC-4506-A819-C21B49444590}.Debug|x64.ActiveCfg = Debug|x64
		{0E92247E-C1DC-4506-A819-C21B49444590}.Debug|x64.Build.0 = Debug|x64
		{0E92247E-C1DC-4506-A819-C21B49444590}.Debug|x86.ActiveCfg = Debug|x64
		{0E92247E-C1DC-4506-A819-C21B49444590}.Debug|x86.Build.0 = Debug|x64
		{0E92247E-C1DC-4506-A819-C21B49444590}.Release|Any CPU.ActiveCfg = Release|Any CPU
		{0E92247E-C1DC-4506-A819-C21B49444590}.Release|Any CPU.Build.0 = Release|Any CPU
		{0E92247E-C1DC-4506-A819-C21B49444590}.Release|x64.ActiveCfg = Release|x64
		{0E92247E-C1DC-4506-A819-C21B49444590}.Release|x64.Build.0 = Release|x64
		{0E92247E-C1DC-4506-A819-C21B49444590}.Release|x86.ActiveCfg = Release|x86
		{0E92247E-C1DC-4506-A819-C21B49444590}.Release|x86.Build.0 = Release|x86
		{0E92247E-C1DC-4506-A819-C21B49444590}.Release64|Any CPU.ActiveCfg = Release|Any CPU
		{0E92247E-C1DC-4506-A819-C21B49444590}.Release64|Any CPU.Build.0 = Release|Any CPU
		{0E92247E-C1DC-4506-A819-C21B49444590}.Release64|x64.ActiveCfg = Release|x64
		{0E92247E-C1DC-4506-A819-C21B49444590}.Release64|x64.Build.0 = Release|x64
		{0E92247E-C1DC-4506-A819-C21B49444590}.Release64|x86.ActiveCfg = Release|x86
		{0E92247E-C1DC-4506-A819-C21B49444590}.Release64|x86.Build.0 = Release|x86
		{DFF706B7-7076-43DD-9FDA-769351FD4EB0}.Debug|Any CPU.ActiveCfg = Debug|Any CPU
		{DFF706B7-7076-43DD-9FDA-769351FD4EB0}.Debug|Any CPU.Build.0 = Debug|Any CPU
		{DFF706B7-7076-43DD-9FDA-769351FD4EB0}.Debug|x64.ActiveCfg = Debug|Any CPU
		{DFF706B7-7076-43DD-9FDA-769351FD4EB0}.Debug|x64.Build.0 = Debug|Any CPU
		{DFF706B7-7076-43DD-9FDA-769351FD4EB0}.Debug|x86.ActiveCfg = Debug|Any CPU
		{DFF706B7-7076-43DD-9FDA-769351FD4EB0}.Debug|x86.Build.0 = Debug|Any CPU
		{DFF706B7-7076-43DD-9FDA-769351FD4EB0}.Release|Any CPU.ActiveCfg = Release|Any CPU
		{DFF706B7-7076-43DD-9FDA-769351FD4EB0}.Release|Any CPU.Build.0 = Release|Any CPU
		{DFF706B7-7076-43DD-9FDA-769351FD4EB0}.Release|x64.ActiveCfg = Release|Any CPU
		{DFF706B7-7076-43DD-9FDA-769351FD4EB0}.Release|x64.Build.0 = Release|Any CPU
		{DFF706B7-7076-43DD-9FDA-769351FD4EB0}.Release|x86.ActiveCfg = Release|Any CPU
		{DFF706B7-7076-43DD-9FDA-769351FD4EB0}.Release|x86.Build.0 = Release|Any CPU
		{DFF706B7-7076-43DD-9FDA-769351FD4EB0}.Release64|Any CPU.ActiveCfg = Release|Any CPU
		{DFF706B7-7076-43DD-9FDA-769351FD4EB0}.Release64|Any CPU.Build.0 = Release|Any CPU
		{DFF706B7-7076-43DD-9FDA-769351FD4EB0}.Release64|x64.ActiveCfg = Release|Any CPU
		{DFF706B7-7076-43DD-9FDA-769351FD4EB0}.Release64|x64.Build.0 = Release|Any CPU
		{DFF706B7-7076-43DD-9FDA-769351FD4EB0}.Release64|x86.ActiveCfg = Release|Any CPU
		{DFF706B7-7076-43DD-9FDA-769351FD4EB0}.Release64|x86.Build.0 = Release|Any CPU
		{EC3FF23D-E053-4343-BA35-C851C22A1D67}.Debug|Any CPU.ActiveCfg = Debug|Any CPU
		{EC3FF23D-E053-4343-BA35-C851C22A1D67}.Debug|Any CPU.Build.0 = Debug|Any CPU
		{EC3FF23D-E053-4343-BA35-C851C22A1D67}.Debug|x64.ActiveCfg = Debug|Any CPU
		{EC3FF23D-E053-4343-BA35-C851C22A1D67}.Debug|x64.Build.0 = Debug|Any CPU
		{EC3FF23D-E053-4343-BA35-C851C22A1D67}.Debug|x86.ActiveCfg = Debug|Any CPU
		{EC3FF23D-E053-4343-BA35-C851C22A1D67}.Debug|x86.Build.0 = Debug|Any CPU
		{EC3FF23D-E053-4343-BA35-C851C22A1D67}.Release|Any CPU.ActiveCfg = Release|Any CPU
		{EC3FF23D-E053-4343-BA35-C851C22A1D67}.Release|Any CPU.Build.0 = Release|Any CPU
		{EC3FF23D-E053-4343-BA35-C851C22A1D67}.Release|x64.ActiveCfg = Release|Any CPU
		{EC3FF23D-E053-4343-BA35-C851C22A1D67}.Release|x64.Build.0 = Release|Any CPU
		{EC3FF23D-E053-4343-BA35-C851C22A1D67}.Release|x86.ActiveCfg = Release|Any CPU
		{EC3FF23D-E053-4343-BA35-C851C22A1D67}.Release|x86.Build.0 = Release|Any CPU
		{EC3FF23D-E053-4343-BA35-C851C22A1D67}.Release64|Any CPU.ActiveCfg = Release|Any CPU
		{EC3FF23D-E053-4343-BA35-C851C22A1D67}.Release64|Any CPU.Build.0 = Release|Any CPU
		{EC3FF23D-E053-4343-BA35-C851C22A1D67}.Release64|x64.ActiveCfg = Release|Any CPU
		{EC3FF23D-E053-4343-BA35-C851C22A1D67}.Release64|x64.Build.0 = Release|Any CPU
		{EC3FF23D-E053-4343-BA35-C851C22A1D67}.Release64|x86.ActiveCfg = Release|Any CPU
		{EC3FF23D-E053-4343-BA35-C851C22A1D67}.Release64|x86.Build.0 = Release|Any CPU
		{E61A4A0A-190A-43F6-8965-49660614948B}.Debug|Any CPU.ActiveCfg = Debug|Any CPU
		{E61A4A0A-190A-43F6-8965-49660614948B}.Debug|Any CPU.Build.0 = Debug|Any CPU
		{E61A4A0A-190A-43F6-8965-49660614948B}.Debug|x64.ActiveCfg = Debug|Any CPU
		{E61A4A0A-190A-43F6-8965-49660614948B}.Debug|x64.Build.0 = Debug|Any CPU
		{E61A4A0A-190A-43F6-8965-49660614948B}.Debug|x86.ActiveCfg = Debug|Any CPU
		{E61A4A0A-190A-43F6-8965-49660614948B}.Debug|x86.Build.0 = Debug|Any CPU
		{E61A4A0A-190A-43F6-8965-49660614948B}.Release|Any CPU.ActiveCfg = Release|Any CPU
		{E61A4A0A-190A-43F6-8965-49660614948B}.Release|Any CPU.Build.0 = Release|Any CPU
		{E61A4A0A-190A-43F6-8965-49660614948B}.Release|x64.ActiveCfg = Release|Any CPU
		{E61A4A0A-190A-43F6-8965-49660614948B}.Release|x64.Build.0 = Release|Any CPU
		{E61A4A0A-190A-43F6-8965-49660614948B}.Release|x86.ActiveCfg = Release|Any CPU
		{E61A4A0A-190A-43F6-8965-49660614948B}.Release|x86.Build.0 = Release|Any CPU
		{E61A4A0A-190A-43F6-8965-49660614948B}.Release64|Any CPU.ActiveCfg = Release|Any CPU
		{E61A4A0A-190A-43F6-8965-49660614948B}.Release64|Any CPU.Build.0 = Release|Any CPU
		{E61A4A0A-190A-43F6-8965-49660614948B}.Release64|x64.ActiveCfg = Release|Any CPU
		{E61A4A0A-190A-43F6-8965-49660614948B}.Release64|x64.Build.0 = Release|Any CPU
		{E61A4A0A-190A-43F6-8965-49660614948B}.Release64|x86.ActiveCfg = Release|Any CPU
		{E61A4A0A-190A-43F6-8965-49660614948B}.Release64|x86.Build.0 = Release|Any CPU
	EndGlobalSection
	GlobalSection(SolutionProperties) = preSolution
		HideSolutionNode = FALSE
	EndGlobalSection
EndGlobal
